github.com/ethereum/go-ethereum v1.14.12 h1:8hl57x77HSUo+cXExrURjU/w1VhL+ShCTJrTwcCQSe4=
github.com/ethereum/go-ethereum v1.14.12/go.mod h1:RAC2gVMWJ6FkxSPESfbshrcKpIokgQKsVKmAuqdekDY=
github.com/gorilla/websocket v1.5.1 h1:gmztn0JnHVt9JZquRuzLw3g4wouNVzKL15iLr/zn/QY=
github.com/gorilla/websocket v1.5.1/go.mod h1:x3kM2JMyaluk02fnUJpQuwD2dCS5NDG2ZHL0uE0tcaY=
github.com/holiman/uint256 v1.3.1 h1:JfTzmih28bittyHM8z360dCjIA9dbPIBlcTI6lmctQs=
github.com/holiman/uint256 v1.3.1/go.mod h1:EOMSn4q6Nyt9P6efbI3bueV4e1b3dGlUCXeiRV4ng7E=
github.com/protolambda/ask v0.2.0 h1:G+N3A10SUMFy3pWpswjriAuNgXsWG3iYaAj9lIzaaAw=
github.com/protolambda/ask v0.2.0/go.mod h1:CDdAevfEfpjtp6aSk6F/M+lqjtbyPI4pbjfFqp8SaIA=
github.com/protolambda/asklog v0.1.0 h1:3XzRLFZE7fXFVr6YPb/GkZOum+Yr/iMrkeKzkhNP8xc=
github.com/protolambda/asklog v0.1.0/go.mod h1:wIHfSSYnjXxb/rFSid0a0Mz4EEs7IXuSr2ccopeL+1A=
github.com/protolambda/jsonrpc2 v0.0.0-20240721040756-c4a08e0729fc h1:UdP03LFWkVPjqKwm6HBXj4Kq5jsKshuTJcAUs/I61Ow=
github.com/protolambda/jsonrpc2 v0.0.0-20240721040756-c4a08e0729fc/go.mod h1:3pJAuE6qX5+eQWf3PRojI7+d9qNC78YzZS3k0kn3u0k=
github.com/protolambda/websocket v0.0.0-20240704231131-6e004de633ad h1:ZRCkLCXxaQMO52M3MxjZKzsVuszjK7SBVxC16b+FJT8=
github.com/protolambda/websocket v0.0.0-20240704231131-6e004de633ad/go.mod h1:YnFgr4a1wMg6Bwb+QHlbLzn3Z0LPjzER5FflL7bFKxs=
golang.org/x/net v0.24.0 h1:1PcaxkF854Fu3+lvBIx5SYn9wRlBzzcnHZSiaFFAb0w=
golang.org/x/net v0.24.0/go.mod h1:2Q7sJY5mzlzWjKtYUEXSlBWCdyaioyXzRB2RtU8KVE8=
golang.org/x/sys v0.28.0 h1:Fksou7UEQUWlKvIdsqzJmUmCX3cZuD2+P3XyyzwMhlA=
golang.org/x/sys v0.28.0/go.mod h1:/VUhepiaJMQUp4+oa/7Zr1D23ma6VTLIYjOOTFZPUcA=
golang.org/x/term v0.27.0 h1:WP60Sv1nlK1T6SupCHbXzSaN0b9wUmsPoRS9b61A23Q=
golang.org/x/term v0.27.0/go.mod h1:iMsnZpn0cago0GOrHO2+Y7u7JPn5AylBrcoWkElMTSM=
